
Microsoft Visual Studio Solution File, Format Version 12.00
# Visual Studio Version 17
VisualStudioVersion = 17.3.32819.101
MinimumVisualStudioVersion = 10.0.40219.1
Project("{FAE04EC0-301F-11D3-BF4B-00C04F79EFBC}") = "WebBanHangOnline", "WebBanHangOnline\WebBanHangOnline.csproj", "{B636781E-43E9-4577-B934-4300357B523F}"
EndProject
Global
	GlobalSection(SolutionConfigurationPlatforms) = preSolution
		Debug|Any CPU = Debug|Any CPU
		Release|Any CPU = Release|Any CPU
	EndGlobalSection
	GlobalSection(ProjectConfigurationPlatforms) = postSolution
		{B636781E-43E9-4577-B934-4300357B523F}.Debug|Any CPU.ActiveCfg = Debug|Any CPU
		{B636781E-43E9-4577-B934-4300357B523F}.Debug|Any CPU.Build.0 = Debug|Any CPU
		{B636781E-43E9-4577-B934-4300357B523F}.Release|Any CPU.ActiveCfg = Release|Any CPU
		{B636781E-43E9-4577-B934-4300357B523F}.Release|Any CPU.Build.0 = Release|Any CPU
	EndGlobalSection
	GlobalSection(SolutionProperties) = preSolution
		HideSolutionNode = FALSE
	EndGlobalSection
	GlobalSection(ExtensibilityGlobals) = postSolution
		SolutionGuid = {7452EDC6-2056-4309-AA8E-9798800EBE5E}
	EndGlobalSection
EndGlobal
